
Microsoft Visual Studio Solution File, Format Version 12.00
# Visual Studio Version 17
VisualStudioVersion = 17.10.35027.167
MinimumVisualStudioVersion = 10.0.40219.1
Project("{9A19103F-16F7-4668-BE54-9A1E7A4F7556}") = "Vista", "Vista\Vista.csproj", "{CF936613-E3FD-44EE-B791-4F49D28D3ACF}"
EndProject
Project("{FAE04EC0-301F-11D3-BF4B-00C04F79EFBC}") = "Modelo", "Modelo\Modelo.csproj", "{7E2B77D4-FA76-4364-BB15-BAB96C239FB1}"
EndProject
Project("{FAE04EC0-301F-11D3-BF4B-00C04F79EFBC}") = "Controladora", "Controladora\Controladora.csproj", "{BC61F50A-D75F-44B1-921B-7D247C155507}"
EndProject
Global
	GlobalSection(SolutionConfigurationPlatforms) = preSolution
		Debug|Any CPU = Debug|Any CPU
		Release|Any CPU = Release|Any CPU
	EndGlobalSection
	GlobalSection(ProjectConfigurationPlatforms) = postSolution
		{CF936613-E3FD-44EE-B791-4F49D28D3ACF}.Debug|Any CPU.ActiveCfg = Debug|Any CPU
		{CF936613-E3FD-44EE-B791-4F49D28D3ACF}.Debug|Any CPU.Build.0 = Debug|Any CPU
		{CF936613-E3FD-44EE-B791-4F49D28D3ACF}.Release|Any CPU.ActiveCfg = Release|Any CPU
		{CF936613-E3FD-44EE-B791-4F49D28D3ACF}.Release|Any CPU.Build.0 = Release|Any CPU
		{7E2B77D4-FA76-4364-BB15-BAB96C239FB1}.Debug|Any CPU.ActiveCfg = Debug|Any CPU
		{7E2B77D4-FA76-4364-BB15-BAB96C239FB1}.Debug|Any CPU.Build.0 = Debug|Any CPU
		{7E2B77D4-FA76-4364-BB15-BAB96C239FB1}.Release|Any CPU.ActiveCfg = Release|Any CPU
		{7E2B77D4-FA76-4364-BB15-BAB96C239FB1}.Release|Any CPU.Build.0 = Release|Any CPU
		{BC61F50A-D75F-44B1-921B-7D247C155507}.Debug|Any CPU.ActiveCfg = Debug|Any CPU
		{BC61F50A-D75F-44B1-921B-7D247C155507}.Debug|Any CPU.Build.0 = Debug|Any CPU
		{BC61F50A-D75F-44B1-921B-7D247C155507}.Release|Any CPU.ActiveCfg = Release|Any CPU
		{BC61F50A-D75F-44B1-921B-7D247C155507}.Release|Any CPU.Build.0 = Release|Any CPU
	EndGlobalSection
	GlobalSection(SolutionProperties) = preSolution
		HideSolutionNode = FALSE
	EndGlobalSection
	GlobalSection(ExtensibilityGlobals) = postSolution
		SolutionGuid = {E86C6AFF-4C84-4F65-BA14-D16AA5B9D0E2}
	EndGlobalSection
EndGlobal
