
Microsoft Visual Studio Solution File, Format Version 12.00
# Visual Studio Version 17
VisualStudioVersion = 17.12.35514.174 d17.12
MinimumVisualStudioVersion = 10.0.40219.1
Project("{FAE04EC0-301F-11D3-BF4B-00C04F79EFBC}") = "Vista", "Vista\Vista.csproj", "{409BE0F1-402A-457B-A01A-E2FE68FCF1A0}"
EndProject
Project("{FAE04EC0-301F-11D3-BF4B-00C04F79EFBC}") = "Controladora", "Controladora\Controladora.csproj", "{C0B7B0E1-95E7-42FB-8110-2D3D739F0C6F}"
EndProject
Project("{FAE04EC0-301F-11D3-BF4B-00C04F79EFBC}") = "Modelo", "Modelo\Modelo.csproj", "{DD9CBDAE-95C7-492E-9E24-D27BBA6C5094}"
EndProject
Global
	GlobalSection(SolutionConfigurationPlatforms) = preSolution
		Debug|Any CPU = Debug|Any CPU
		Release|Any CPU = Release|Any CPU
	EndGlobalSection
	GlobalSection(ProjectConfigurationPlatforms) = postSolution
		{409BE0F1-402A-457B-A01A-E2FE68FCF1A0}.Debug|Any CPU.ActiveCfg = Debug|Any CPU
		{409BE0F1-402A-457B-A01A-E2FE68FCF1A0}.Debug|Any CPU.Build.0 = Debug|Any CPU
		{409BE0F1-402A-457B-A01A-E2FE68FCF1A0}.Release|Any CPU.ActiveCfg = Release|Any CPU
		{409BE0F1-402A-457B-A01A-E2FE68FCF1A0}.Release|Any CPU.Build.0 = Release|Any CPU
		{C0B7B0E1-95E7-42FB-8110-2D3D739F0C6F}.Debug|Any CPU.ActiveCfg = Debug|Any CPU
		{C0B7B0E1-95E7-42FB-8110-2D3D739F0C6F}.Debug|Any CPU.Build.0 = Debug|Any CPU
		{C0B7B0E1-95E7-42FB-8110-2D3D739F0C6F}.Release|Any CPU.ActiveCfg = Release|Any CPU
		{C0B7B0E1-95E7-42FB-8110-2D3D739F0C6F}.Release|Any CPU.Build.0 = Release|Any CPU
		{DD9CBDAE-95C7-492E-9E24-D27BBA6C5094}.Debug|Any CPU.ActiveCfg = Debug|Any CPU
		{DD9CBDAE-95C7-492E-9E24-D27BBA6C5094}.Debug|Any CPU.Build.0 = Debug|Any CPU
		{DD9CBDAE-95C7-492E-9E24-D27BBA6C5094}.Release|Any CPU.ActiveCfg = Release|Any CPU
		{DD9CBDAE-95C7-492E-9E24-D27BBA6C5094}.Release|Any CPU.Build.0 = Release|Any CPU
	EndGlobalSection
	GlobalSection(SolutionProperties) = preSolution
		HideSolutionNode = FALSE
	EndGlobalSection
EndGlobal
