
Microsoft Visual Studio Solution File, Format Version 12.00
# Visual Studio Version 17
VisualStudioVersion = 17.11.35327.3
MinimumVisualStudioVersion = 10.0.40219.1
Project("{FAE04EC0-301F-11D3-BF4B-00C04F79EFBC}") = "Vista", "Parcial2LeandroRomero\Vista.csproj", "{73B9F302-16D5-4855-BBC0-B61425338D18}"
EndProject
Project("{FAE04EC0-301F-11D3-BF4B-00C04F79EFBC}") = "Modelo", "Modelo\Modelo.csproj", "{154EFEF4-D9B7-448F-8301-3074E0DC869A}"
EndProject
Project("{FAE04EC0-301F-11D3-BF4B-00C04F79EFBC}") = "Controladora", "Controladora\Controladora.csproj", "{6BEDACB2-8925-4CFE-93BC-6654D8E8FDA6}"
EndProject
Global
	GlobalSection(SolutionConfigurationPlatforms) = preSolution
		Debug|Any CPU = Debug|Any CPU
		Release|Any CPU = Release|Any CPU
	EndGlobalSection
	GlobalSection(ProjectConfigurationPlatforms) = postSolution
		{73B9F302-16D5-4855-BBC0-B61425338D18}.Debug|Any CPU.ActiveCfg = Debug|Any CPU
		{73B9F302-16D5-4855-BBC0-B61425338D18}.Debug|Any CPU.Build.0 = Debug|Any CPU
		{73B9F302-16D5-4855-BBC0-B61425338D18}.Release|Any CPU.ActiveCfg = Release|Any CPU
		{73B9F302-16D5-4855-BBC0-B61425338D18}.Release|Any CPU.Build.0 = Release|Any CPU
		{154EFEF4-D9B7-448F-8301-3074E0DC869A}.Debug|Any CPU.ActiveCfg = Debug|Any CPU
		{154EFEF4-D9B7-448F-8301-3074E0DC869A}.Debug|Any CPU.Build.0 = Debug|Any CPU
		{154EFEF4-D9B7-448F-8301-3074E0DC869A}.Release|Any CPU.ActiveCfg = Release|Any CPU
		{154EFEF4-D9B7-448F-8301-3074E0DC869A}.Release|Any CPU.Build.0 = Release|Any CPU
		{6BEDACB2-8925-4CFE-93BC-6654D8E8FDA6}.Debug|Any CPU.ActiveCfg = Debug|Any CPU
		{6BEDACB2-8925-4CFE-93BC-6654D8E8FDA6}.Debug|Any CPU.Build.0 = Debug|Any CPU
		{6BEDACB2-8925-4CFE-93BC-6654D8E8FDA6}.Release|Any CPU.ActiveCfg = Release|Any CPU
		{6BEDACB2-8925-4CFE-93BC-6654D8E8FDA6}.Release|Any CPU.Build.0 = Release|Any CPU
	EndGlobalSection
	GlobalSection(SolutionProperties) = preSolution
		HideSolutionNode = FALSE
	EndGlobalSection
	GlobalSection(ExtensibilityGlobals) = postSolution
		SolutionGuid = {16BA99E3-DEBF-4C89-B4BF-55529492C4C7}
	EndGlobalSection
EndGlobal
