
Microsoft Visual Studio Solution File, Format Version 12.00
# Visual Studio Version 17
VisualStudioVersion = 17.12.35506.116 d17.12
MinimumVisualStudioVersion = 10.0.40219.1
Project("{FAE04EC0-301F-11D3-BF4B-00C04F79EFBC}") = "Vista", "Vista\Vista.csproj", "{CA0FB2EF-CC92-4243-8C64-CCFE7EE847B9}"
EndProject
Project("{FAE04EC0-301F-11D3-BF4B-00C04F79EFBC}") = "Modelo", "Modelo\Modelo.csproj", "{19302E60-C2E0-4C5D-86EA-E3B5998852A9}"
EndProject
Project("{FAE04EC0-301F-11D3-BF4B-00C04F79EFBC}") = "Controladora", "Controladora\Controladora.csproj", "{58965A25-BE30-462E-84A7-B0FDAEE97F21}"
EndProject
Global
	GlobalSection(SolutionConfigurationPlatforms) = preSolution
		Debug|Any CPU = Debug|Any CPU
		Release|Any CPU = Release|Any CPU
	EndGlobalSection
	GlobalSection(ProjectConfigurationPlatforms) = postSolution
		{CA0FB2EF-CC92-4243-8C64-CCFE7EE847B9}.Debug|Any CPU.ActiveCfg = Debug|Any CPU
		{CA0FB2EF-CC92-4243-8C64-CCFE7EE847B9}.Debug|Any CPU.Build.0 = Debug|Any CPU
		{CA0FB2EF-CC92-4243-8C64-CCFE7EE847B9}.Release|Any CPU.ActiveCfg = Release|Any CPU
		{CA0FB2EF-CC92-4243-8C64-CCFE7EE847B9}.Release|Any CPU.Build.0 = Release|Any CPU
		{19302E60-C2E0-4C5D-86EA-E3B5998852A9}.Debug|Any CPU.ActiveCfg = Debug|Any CPU
		{19302E60-C2E0-4C5D-86EA-E3B5998852A9}.Debug|Any CPU.Build.0 = Debug|Any CPU
		{19302E60-C2E0-4C5D-86EA-E3B5998852A9}.Release|Any CPU.ActiveCfg = Release|Any CPU
		{19302E60-C2E0-4C5D-86EA-E3B5998852A9}.Release|Any CPU.Build.0 = Release|Any CPU
		{58965A25-BE30-462E-84A7-B0FDAEE97F21}.Debug|Any CPU.ActiveCfg = Debug|Any CPU
		{58965A25-BE30-462E-84A7-B0FDAEE97F21}.Debug|Any CPU.Build.0 = Debug|Any CPU
		{58965A25-BE30-462E-84A7-B0FDAEE97F21}.Release|Any CPU.ActiveCfg = Release|Any CPU
		{58965A25-BE30-462E-84A7-B0FDAEE97F21}.Release|Any CPU.Build.0 = Release|Any CPU
	EndGlobalSection
	GlobalSection(SolutionProperties) = preSolution
		HideSolutionNode = FALSE
	EndGlobalSection
EndGlobal
